// !$*UTF8*$!
{
	archiveVersion = 1;
	classes = {
	};
	objectVersion = 46;
	objects = {

/* Begin PBXBuildFile section */
		8EA5D83113D6E570007CD7E4 /* Foundation.framework in Frameworks */ = {isa = PBXBuildFile; fileRef = 8EA5D83013D6E570007CD7E4 /* Foundation.framework */; };
		8EA5D83413D6E570007CD7E4 /* main.m in Sources */ = {isa = PBXBuildFile; fileRef = 8EA5D83313D6E570007CD7E4 /* main.m */; };
/* End PBXBuildFile section */

/* Begin PBXCopyFilesBuildPhase section */
		8EA5D82A13D6E570007CD7E4 /* CopyFiles */ = {
			isa = PBXCopyFilesBuildPhase;
			buildActionMask = 2147483647;
			dstPath = /usr/share/man/man1/;
			dstSubfolderSpec = 0;
			files = (
			);
			runOnlyForDeploymentPostprocessing = 1;
		};
/* End PBXCopyFilesBuildPhase section */

/* Begin PBXFileReference section */
		8EA5D82C13D6E570007CD7E4 /* Rectangle */ = {isa = PBXFileReference; explicitFileType = "compiled.mach-o.executable"; includeInIndex = 0; path = Rectangle; sourceTree = BUILT_PRODUCTS_DIR; };
		8EA5D83013D6E570007CD7E4 /* Foundation.framework */ = {isa = PBXFileReference; lastKnownFileType = wrapper.framework; name = Foundation.framework; path = System/Library/Frameworks/Foundation.framework; sourceTree = SDKROOT; };
		8EA5D83313D6E570007CD7E4 /* main.m */ = {isa = PBXFileReference; lastKnownFileType = sourcecode.c.objc; path = main.m; sourceTree = "<group>"; };
		8EA5D83613D6E570007CD7E4 /* Rectangle-Prefix.pch */ = {isa = PBXFileReference; path = "Rectangle-Prefix.pch"; sourceTree = "<group>"; };
		8EA5D83713D6E570007CD7E4 /* Rectangle.1 */ = {isa = PBXFileReference; lastKnownFileType = text.man; path = Rectangle.1; sourceTree = "<group>"; };
/* End PBXFileReference section */

/* Begin PBXFrameworksBuildPhase section */
		8EA5D82913D6E570007CD7E4 /* Frameworks */ = {
			isa = PBXFrameworksBuildPhase;
			buildActionMask = 2147483647;
			files = (
				8EA5D83113D6E570007CD7E4 /* Foundation.framework in Frameworks */,
			);
			runOnlyForDeploymentPostprocessing = 0;
		};
/* End PBXFrameworksBuildPhase section */

/* Begin PBXGroup section */
		8EA5D82113D6E570007CD7E4 = {
			isa = PBXGroup;
			children = (
				8EA5D83213D6E570007CD7E4 /* Rectangle */,
				8EA5D82F13D6E570007CD7E4 /* Frameworks */,
				8EA5D82D13D6E570007CD7E4 /* Products */,
			);
			sourceTree = "<group>";
		};
		8EA5D82D13D6E570007CD7E4 /* Products */ = {
			isa = PBXGroup;
			children = (
				8EA5D82C13D6E570007CD7E4 /* Rectangle */,
			);
			name = Products;
			sourceTree = "<group>";
		};
		8EA5D82F13D6E570007CD7E4 /* Frameworks */ = {
			isa = PBXGroup;
			children = (
				8EA5D83013D6E570007CD7E4 /* Foundation.framework */,
			);
			name = Frameworks;
			sourceTree = "<group>";
		};
		8EA5D83213D6E570007CD7E4 /* Rectangle */ = {
			isa = PBXGroup;
			children = (
				8EA5D83313D6E570007CD7E4 /* main.m */,
				8EA5D83713D6E570007CD7E4 /* Rectangle.1 */,
				8EA5D83513D6E570007CD7E4 /* Supporting Files */,
			);
			path = Rectangle;
			sourceTree = "<group>";
		};
		8EA5D83513D6E570007CD7E4 /* Supporting Files */ = {
			isa = PBXGroup;
			children = (
				8EA5D83613D6E570007CD7E4 /* Rectangle-Prefix.pch */,
			);
			name = "Supporting Files";
			sourceTree = "<group>";
		};
/* End PBXGroup section */

/* Begin PBXNativeTarget section */
		8EA5D82B13D6E570007CD7E4 /* Rectangle */ = {
			isa = PBXNativeTarget;
			buildConfigurationList = 8EA5D83A13D6E570007CD7E4 /* Build configuration list for PBXNativeTarget "Rectangle" */;
			buildPhases = (
				8EA5D82813D6E570007CD7E4 /* Sources */,
				8EA5D82913D6E570007CD7E4 /* Frameworks */,
				8EA5D82A13D6E570007CD7E4 /* CopyFiles */,
			);
			buildRules = (
			);
			dependencies = (
			);
			name = Rectangle;
			productName = Rectangle;
			productReference = 8EA5D82C13D6E570007CD7E4 /* Rectangle */;
			productType = "com.apple.product-type.tool";
		};
/* End PBXNativeTarget section */

/* Begin PBXProject section */
		8EA5D82313D6E570007CD7E4 /* Project object */ = {
			isa = PBXProject;
			buildConfigurationList = 8EA5D82613D6E570007CD7E4 /* Build configuration list for PBXProject "Rectangle" */;
			compatibilityVersion = "Xcode 3.2";
			developmentRegion = English;
			hasScannedForEncodings = 0;
			knownRegions = (
				en,
			);
			mainGroup = 8EA5D82113D6E570007CD7E4;
			productRefGroup = 8EA5D82D13D6E570007CD7E4 /* Products */;
			projectDirPath = "";
			projectRoot = "";
			targets = (
				8EA5D82B13D6E570007CD7E4 /* Rectangle */,
			);
		};
/* End PBXProject section */

/* Begin PBXSourcesBuildPhase section */
		8EA5D82813D6E570007CD7E4 /* Sources */ = {
			isa = PBXSourcesBuildPhase;
			buildActionMask = 2147483647;
			files = (
				8EA5D83413D6E570007CD7E4 /* main.m in Sources */,
			);
			runOnlyForDeploymentPostprocessing = 0;
		};
/* End PBXSourcesBuildPhase section */

/* Begin XCBuildConfiguration section */
		8EA5D83813D6E570007CD7E4 /* Debug */ = {
			isa = XCBuildConfiguration;
			buildSettings = {
				ARCHS = "$(ARCHS_STANDARD_32_64_BIT)";
				GCC_C_LANGUAGE_STANDARD = gnu99;
				GCC_OPTIMIZATION_LEVEL = 0;
				GCC_PREPROCESSOR_DEFINITIONS = DEBUG;
				GCC_SYMBOLS_PRIVATE_EXTERN = NO;
				GCC_VERSION = com.apple.compilers.llvm.clang.1_0;
				GCC_WARN_64_TO_32_BIT_CONVERSION = YES;
				GCC_WARN_ABOUT_RETURN_TYPE = YES;
				GCC_WARN_UNUSED_VARIABLE = YES;
				MACOSX_DEPLOYMENT_TARGET = 10.6;
				ONLY_ACTIVE_ARCH = YES;
				SDKROOT = macosx;
			};
			name = Debug;
		};
		8EA5D83913D6E570007CD7E4 /* Release */ = {
			isa = XCBuildConfiguration;
			buildSettings = {
				ARCHS = "$(ARCHS_STANDARD_32_64_BIT)";
				GCC_C_LANGUAGE_STANDARD = gnu99;
				GCC_VERSION = com.apple.compilers.llvm.clang.1_0;
				GCC_WARN_64_TO_32_BIT_CONVERSION = YES;
				GCC_WARN_ABOUT_RETURN_TYPE = YES;
				GCC_WARN_UNUSED_VARIABLE = YES;
				MACOSX_DEPLOYMENT_TARGET = 10.6;
				SDKROOT = macosx;
			};
			name = Release;
		};
		8EA5D83B13D6E570007CD7E4 /* Debug */ = {
			isa = XCBuildConfiguration;
			buildSettings = {
				ALWAYS_SEARCH_USER_PATHS = NO;
				COPY_PHASE_STRIP = NO;
				GCC_DYNAMIC_NO_PIC = NO;
				GCC_ENABLE_OBJC_EXCEPTIONS = YES;
				GCC_PRECOMPILE_PREFIX_HEADER = YES;
				GCC_PREFIX_HEADER = "Rectangle/Rectangle-Prefix.pch";
				PRODUCT_NAME = "$(TARGET_NAME)";
			};
			name = Debug;
		};
		8EA5D83C13D6E570007CD7E4 /* Release */ = {
			isa = XCBuildConfiguration;
			buildSettings = {
				ALWAYS_SEARCH_USER_PATHS = NO;
				COPY_PHASE_STRIP = YES;
				DEBUG_INFORMATION_FORMAT = "dwarf-with-dsym";
				GCC_ENABLE_OBJC_EXCEPTIONS = YES;
				GCC_PRECOMPILE_PREFIX_HEADER = YES;
				GCC_PREFIX_HEADER = "Rectangle/Rectangle-Prefix.pch";
				PRODUCT_NAME = "$(TARGET_NAME)";
			};
			name = Release;
		};
/* End XCBuildConfiguration section */

/* Begin XCConfigurationList section */
		8EA5D82613D6E570007CD7E4 /* Build configuration list for PBXProject "Rectangle" */ = {
			isa = XCConfigurationList;
			buildConfigurations = (
				8EA5D83813D6E570007CD7E4 /* Debug */,
				8EA5D83913D6E570007CD7E4 /* Release */,
			);
			defaultConfigurationIsVisible = 0;
			defaultConfigurationName = Release;
		};
		8EA5D83A13D6E570007CD7E4 /* Build configuration list for PBXNativeTarget "Rectangle" */ = {
			isa = XCConfigurationList;
			buildConfigurations = (
				8EA5D83B13D6E570007CD7E4 /* Debug */,
				8EA5D83C13D6E570007CD7E4 /* Release */,
			);
			defaultConfigurationIsVisible = 0;
		};
/* End XCConfigurationList section */
	};
	rootObject = 8EA5D82313D6E570007CD7E4 /* Project object */;
}
